
Microsoft Visual Studio Solution File, Format Version 12.00
# Visual Studio 14
VisualStudioVersion = 14.0.24720.0
MinimumVisualStudioVersion = 10.0.40219.1
Project("{8BC9CEB8-8B4A-11D0-8D11-00A0C91BC942}") = "GetConditionalProbability", "GetConditionalProbability.vcxproj", "{498F4524-922C-45BB-95C4-86F5CCB97132}"
EndProject
Project("{8BC9CEB8-8B4A-11D0-8D11-00A0C91BC942}") = "ClientLibrary", "..\..\ClientLibrary\ClientLibrary.vcxproj", "{141622DC-5F22-4416-93C1-C50D7D558B27}"
EndProject
Global
	GlobalSection(SolutionConfigurationPlatforms) = preSolution
		Debug|x64 = Debug|x64
		Debug|x86 = Debug|x86
		Release|x64 = Release|x64
		Release|x86 = Release|x86
	EndGlobalSection
	GlobalSection(ProjectConfigurationPlatforms) = postSolution
		{498F4524-922C-45BB-95C4-86F5CCB97132}.Debug|x64.ActiveCfg = Debug|x64
		{498F4524-922C-45BB-95C4-86F5CCB97132}.Debug|x64.Build.0 = Debug|x64
		{498F4524-922C-45BB-95C4-86F5CCB97132}.Debug|x86.ActiveCfg = Debug|Win32
		{498F4524-922C-45BB-95C4-86F5CCB97132}.Debug|x86.Build.0 = Debug|Win32
		{498F4524-922C-45BB-95C4-86F5CCB97132}.Release|x64.ActiveCfg = Release|x64
		{498F4524-922C-45BB-95C4-86F5CCB97132}.Release|x64.Build.0 = Release|x64
		{498F4524-922C-45BB-95C4-86F5CCB97132}.Release|x86.ActiveCfg = Release|Win32
		{498F4524-922C-45BB-95C4-86F5CCB97132}.Release|x86.Build.0 = Release|Win32
		{141622DC-5F22-4416-93C1-C50D7D558B27}.Debug|x64.ActiveCfg = Debug|x64
		{141622DC-5F22-4416-93C1-C50D7D558B27}.Debug|x64.Build.0 = Debug|x64
		{141622DC-5F22-4416-93C1-C50D7D558B27}.Debug|x86.ActiveCfg = Debug|Win32
		{141622DC-5F22-4416-93C1-C50D7D558B27}.Debug|x86.Build.0 = Debug|Win32
		{141622DC-5F22-4416-93C1-C50D7D558B27}.Release|x64.ActiveCfg = Release|x64
		{141622DC-5F22-4416-93C1-C50D7D558B27}.Release|x64.Build.0 = Release|x64
		{141622DC-5F22-4416-93C1-C50D7D558B27}.Release|x86.ActiveCfg = Release|Win32
		{141622DC-5F22-4416-93C1-C50D7D558B27}.Release|x86.Build.0 = Release|Win32
	EndGlobalSection
	GlobalSection(SolutionProperties) = preSolution
		HideSolutionNode = FALSE
	EndGlobalSection
EndGlobal
